
Microsoft Visual Studio Solution File, Format Version 12.00
# Visual Studio Version 17
VisualStudioVersion = 17.13.35825.156 d17.13
MinimumVisualStudioVersion = 10.0.40219.1
Project("{FAE04EC0-301F-11D3-BF4B-00C04F79EFBC}") = "StyleBox", "StyleBox\StyleBox.csproj", "{BAD341B4-B742-4DAA-A93B-82AF8D9BB455}"
EndProject
Global
	GlobalSection(SolutionConfigurationPlatforms) = preSolution
		Debug|Any CPU = Debug|Any CPU
		Release|Any CPU = Release|Any CPU
	EndGlobalSection
	GlobalSection(ProjectConfigurationPlatforms) = postSolution
		{BAD341B4-B742-4DAA-A93B-82AF8D9BB455}.Debug|Any CPU.ActiveCfg = Debug|Any CPU
		{BAD341B4-B742-4DAA-A93B-82AF8D9BB455}.Debug|Any CPU.Build.0 = Debug|Any CPU
		{BAD341B4-B742-4DAA-A93B-82AF8D9BB455}.Release|Any CPU.ActiveCfg = Release|Any CPU
		{BAD341B4-B742-4DAA-A93B-82AF8D9BB455}.Release|Any CPU.Build.0 = Release|Any CPU
	EndGlobalSection
	GlobalSection(SolutionProperties) = preSolution
		HideSolutionNode = FALSE
	EndGlobalSection
	GlobalSection(ExtensibilityGlobals) = postSolution
		SolutionGuid = {79D753BC-A4D7-4480-B893-534965369D15}
	EndGlobalSection
EndGlobal
